
Microsoft Visual Studio Solution File, Format Version 12.00
# Visual Studio Version 17
VisualStudioVersion = 17.12.35707.178
MinimumVisualStudioVersion = 10.0.40219.1
Project("{FAE04EC0-301F-11D3-BF4B-00C04F79EFBC}") = "WebApi.Subscription", "SubscriptionService\WebApi.Subscription.csproj", "{050BD4F8-6083-40CD-8917-45ACFACB5E1A}"
EndProject
Project("{FAE04EC0-301F-11D3-BF4B-00C04F79EFBC}") = "Infra", "Infra\Infra.csproj", "{A76A60E2-5B81-4EC7-AD05-579E204320DA}"
EndProject
Project("{FAE04EC0-301F-11D3-BF4B-00C04F79EFBC}") = "Services", "Services\Services.csproj", "{E05CE977-4DAE-44F9-830C-146D8B6CF1E5}"
	ProjectSection(ProjectDependencies) = postProject
		{B783E6BD-98E0-425C-88B2-B1B18EF3B011} = {B783E6BD-98E0-425C-88B2-B1B18EF3B011}
	EndProjectSection
EndProject
Project("{FAE04EC0-301F-11D3-BF4B-00C04F79EFBC}") = "Domain", "Domain\Domain.csproj", "{B783E6BD-98E0-425C-88B2-B1B18EF3B011}"
EndProject
Global
	GlobalSection(SolutionConfigurationPlatforms) = preSolution
		Debug|Any CPU = Debug|Any CPU
		Release|Any CPU = Release|Any CPU
	EndGlobalSection
	GlobalSection(ProjectConfigurationPlatforms) = postSolution
		{050BD4F8-6083-40CD-8917-45ACFACB5E1A}.Debug|Any CPU.ActiveCfg = Debug|Any CPU
		{050BD4F8-6083-40CD-8917-45ACFACB5E1A}.Debug|Any CPU.Build.0 = Debug|Any CPU
		{050BD4F8-6083-40CD-8917-45ACFACB5E1A}.Release|Any CPU.ActiveCfg = Release|Any CPU
		{050BD4F8-6083-40CD-8917-45ACFACB5E1A}.Release|Any CPU.Build.0 = Release|Any CPU
		{A76A60E2-5B81-4EC7-AD05-579E204320DA}.Debug|Any CPU.ActiveCfg = Debug|Any CPU
		{A76A60E2-5B81-4EC7-AD05-579E204320DA}.Debug|Any CPU.Build.0 = Debug|Any CPU
		{A76A60E2-5B81-4EC7-AD05-579E204320DA}.Release|Any CPU.ActiveCfg = Release|Any CPU
		{A76A60E2-5B81-4EC7-AD05-579E204320DA}.Release|Any CPU.Build.0 = Release|Any CPU
		{E05CE977-4DAE-44F9-830C-146D8B6CF1E5}.Debug|Any CPU.ActiveCfg = Debug|Any CPU
		{E05CE977-4DAE-44F9-830C-146D8B6CF1E5}.Debug|Any CPU.Build.0 = Debug|Any CPU
		{E05CE977-4DAE-44F9-830C-146D8B6CF1E5}.Release|Any CPU.ActiveCfg = Release|Any CPU
		{E05CE977-4DAE-44F9-830C-146D8B6CF1E5}.Release|Any CPU.Build.0 = Release|Any CPU
		{B783E6BD-98E0-425C-88B2-B1B18EF3B011}.Debug|Any CPU.ActiveCfg = Debug|Any CPU
		{B783E6BD-98E0-425C-88B2-B1B18EF3B011}.Debug|Any CPU.Build.0 = Debug|Any CPU
		{B783E6BD-98E0-425C-88B2-B1B18EF3B011}.Release|Any CPU.ActiveCfg = Release|Any CPU
		{B783E6BD-98E0-425C-88B2-B1B18EF3B011}.Release|Any CPU.Build.0 = Release|Any CPU
	EndGlobalSection
	GlobalSection(SolutionProperties) = preSolution
		HideSolutionNode = FALSE
	EndGlobalSection
EndGlobal
